{
  "name": "sfn-scheduler",
  "version": "0.1.0",
  "lockfileVersion": 1,
  "dependencies": {
    "@types/lodash": {
      "version": "4.14.116",
      "resolved": "https://registry.npmjs.org/@types/lodash/-/lodash-4.14.116.tgz",
      "integrity": "sha512-lRnAtKnxMXcYYXqOiotTmJd74uawNWuPnsnPrrO7HiFuE3npE2iQhfABatbYDyxTNqZNuXzcKGhw37R7RjBFLg=="
    },
    "hide-protected-properties": {
      "version": "0.1.1",
      "resolved": "https://registry.npmjs.org/hide-protected-properties/-/hide-protected-properties-0.1.1.tgz",
      "integrity": "sha512-8BtQGPoanlCvj1+t69mVHti2lCEF59JiJgODA0Izuoz51RLeXCpMuj+g+c0LMx/xkHQPGQ2+DrOrlPWB22ZPmg=="
    },
    "lodash": {
      "version": "4.17.10",
      "resolved": "https://registry.npmjs.org/lodash/-/lodash-4.17.10.tgz",
      "integrity": "sha512-UejweD1pDoXu+AD825lWwp4ZGtSwgnpZxb3JDViD7StjQz+Nb/6l093lx4OQ0foGWNRoc19mWy7BzL+UAK2iVg=="
    },
    "sfn-schedule-parser": {
      "version": "0.4.0",
      "resolved": "https://registry.npmjs.org/sfn-schedule-parser/-/sfn-schedule-parser-0.4.0.tgz",
      "integrity": "sha512-vf6phtl1kykOdMSbQxE06VF/raw2TgQ5IUAH3M9hUXwlV0a3vAPbRifZBiaMc7hQasxE93nQdI9xC5wuRAu5DQ=="
    },
    "tslib": {
      "version": "1.9.3",
      "resolved": "https://registry.npmjs.org/tslib/-/tslib-1.9.3.tgz",
      "integrity": "sha512-4krF8scpejhaOgqzBEcGM7yDIEfi0/8+8zDRZhNZZ2kjmHJ4hv3zCbQWxoJGz1iw5U0Jl0nma13xzHXcncMavQ=="
    }
  }
}
