{
  "name": "sfn-scheduler",
  "version": "0.1.0",
  "lockfileVersion": 1,
  "requires": true,
  "dependencies": {
    "current-week-number": {
      "version": "1.0.7",
      "resolved": "https://registry.npmjs.org/current-week-number/-/current-week-number-1.0.7.tgz",
      "integrity": "sha1-VnJ4rrX+WN7LFQuayGT5Pc5O2XI="
    },
    "hide-protected-properties": {
      "version": "0.1.0",
      "resolved": "https://registry.npmjs.org/hide-protected-properties/-/hide-protected-properties-0.1.0.tgz",
      "integrity": "sha512-wAfKoQ3Our+QnnWhvnQNmONUDcKxYmAjLdAzaOsqjSjkRz7BO4bntRNooAnGYFahzEY7uLM1FoAMlTssYxrtwQ=="
    },
    "sfn-schedule-parser": {
      "version": "0.3.3",
      "resolved": "https://registry.npmjs.org/sfn-schedule-parser/-/sfn-schedule-parser-0.3.3.tgz",
      "integrity": "sha512-cE5X4fkLRsa7SB7V0g5FZ6Y7Wr9w7pGy5Z+liB6DK3nc/vRVBB21F8Bfu5+uLm+EG9heQQ273aUQ1g2qQ9LAwg==",
      "requires": {
        "current-week-number": "1.0.7",
        "string-trimmer": "1.0.1"
      }
    },
    "string-trimmer": {
      "version": "1.0.1",
      "resolved": "https://registry.npmjs.org/string-trimmer/-/string-trimmer-1.0.1.tgz",
      "integrity": "sha512-YhXqggDSzWU0xBNDLw2LqYrYNMD+BJvumSFQbJj9l1r4nZg72bWI3mrzGuHwZY4q5lIMCFcx9mnRbK7Qc1aavg=="
    },
    "tslib": {
      "version": "1.9.0",
      "resolved": "https://registry.npmjs.org/tslib/-/tslib-1.9.0.tgz",
      "integrity": "sha512-f/qGG2tUkrISBlQZEjEqoZ3B2+npJjIf04H1wuAv9iA8i04Icp+61KRXxFdha22670NJopsZCIjhC3SnjPRKrQ=="
    }
  }
}
